
Microsoft Visual Studio Solution File, Format Version 12.00
# Visual Studio Version 16
VisualStudioVersion = 16.0.29709.97
MinimumVisualStudioVersion = 10.0.40219.1
Project("{FAE04EC0-301F-11D3-BF4B-00C04F79EFBC}") = "Employee Management", "Employee Management\Employee Management.csproj", "{BDB2B26E-0CD0-457A-B5E4-744EDCA0AC7A}"
EndProject
Global
	GlobalSection(SolutionConfigurationPlatforms) = preSolution
		Debug|Any CPU = Debug|Any CPU
		Release|Any CPU = Release|Any CPU
	EndGlobalSection
	GlobalSection(ProjectConfigurationPlatforms) = postSolution
		{BDB2B26E-0CD0-457A-B5E4-744EDCA0AC7A}.Debug|Any CPU.ActiveCfg = Debug|Any CPU
		{BDB2B26E-0CD0-457A-B5E4-744EDCA0AC7A}.Debug|Any CPU.Build.0 = Debug|Any CPU
		{BDB2B26E-0CD0-457A-B5E4-744EDCA0AC7A}.Release|Any CPU.ActiveCfg = Release|Any CPU
		{BDB2B26E-0CD0-457A-B5E4-744EDCA0AC7A}.Release|Any CPU.Build.0 = Release|Any CPU
	EndGlobalSection
	GlobalSection(SolutionProperties) = preSolution
		HideSolutionNode = FALSE
	EndGlobalSection
	GlobalSection(ExtensibilityGlobals) = postSolution
		SolutionGuid = {DD210B8B-F37A-4851-B983-4A10C5901018}
	EndGlobalSection
EndGlobal
